{
  "name": "UpGrade",
  "version": "1.0",
  "lockfileVersion": 2,
  "requires": true,
  "packages": {
    "": {
      "name": "UpGrade",
      "version": "1.0",
      "license": "ISC",
      "devDependencies": {
        "husky": "^7.0.2",
        "is-ci": "^3.0.0"
      }
    },
    "node_modules/ci-info": {
      "version": "3.3.0",
      "resolved": "https://registry.npmjs.org/ci-info/-/ci-info-3.3.0.tgz",
      "integrity": "sha512-riT/3vI5YpVH6/qomlDnJow6TBee2PBKSEpx3O32EGPYbWGIRsIlGRms3Sm74wYE1JMo8RnO04Hb12+v1J5ICw==",
      "dev": true
    },
    "node_modules/husky": {
      "version": "7.0.4",
      "resolved": "https://registry.npmjs.org/husky/-/husky-7.0.4.tgz",
      "integrity": "sha512-vbaCKN2QLtP/vD4yvs6iz6hBEo6wkSzs8HpRah1Z6aGmF2KW5PdYuAd7uX5a+OyBZHBhd+TFLqgjUgytQr4RvQ==",
      "dev": true,
      "bin": {
        "husky": "lib/bin.js"
      },
      "engines": {
        "node": ">=12"
      },
      "funding": {
        "url": "https://github.com/sponsors/typicode"
      }
    },
    "node_modules/is-ci": {
      "version": "3.0.1",
      "resolved": "https://registry.npmjs.org/is-ci/-/is-ci-3.0.1.tgz",
      "integrity": "sha512-ZYvCgrefwqoQ6yTyYUbQu64HsITZ3NfKX1lzaEYdkTDcfKzzCI/wthRRYKkdjHKFVgNiXKAKm65Zo1pk2as/QQ==",
      "dev": true,
      "dependencies": {
        "ci-info": "^3.2.0"
      },
      "bin": {
        "is-ci": "bin.js"
      }
    }
  },
  "dependencies": {
    "ci-info": {
      "version": "3.3.0",
      "resolved": "https://registry.npmjs.org/ci-info/-/ci-info-3.3.0.tgz",
      "integrity": "sha512-riT/3vI5YpVH6/qomlDnJow6TBee2PBKSEpx3O32EGPYbWGIRsIlGRms3Sm74wYE1JMo8RnO04Hb12+v1J5ICw==",
      "dev": true
    },
    "husky": {
      "version": "7.0.4",
      "resolved": "https://registry.npmjs.org/husky/-/husky-7.0.4.tgz",
      "integrity": "sha512-vbaCKN2QLtP/vD4yvs6iz6hBEo6wkSzs8HpRah1Z6aGmF2KW5PdYuAd7uX5a+OyBZHBhd+TFLqgjUgytQr4RvQ==",
      "dev": true
    },
    "is-ci": {
      "version": "3.0.1",
      "resolved": "https://registry.npmjs.org/is-ci/-/is-ci-3.0.1.tgz",
      "integrity": "sha512-ZYvCgrefwqoQ6yTyYUbQu64HsITZ3NfKX1lzaEYdkTDcfKzzCI/wthRRYKkdjHKFVgNiXKAKm65Zo1pk2as/QQ==",
      "dev": true,
      "requires": {
        "ci-info": "^3.2.0"
      }
    }
  }
}
