{
    "name": "ab_testing_backend",
    "version": "5.1.0",
    "lockfileVersion": 2,
    "requires": true,
    "packages": {
        "": {
            "name": "ab_testing_backend",
            "version": "5.1.0",
            "license": "ISC",
            "dependencies": {
                "jsonfile": "^6.0.1"
            },
            "devDependencies": {
                "ts-node": "^8.6.2",
                "tslib": "^1.11.1",
                "typescript": "^3.8.3"
            }
        },
        "node_modules/arg": {
            "version": "4.1.3",
            "dev": true,
            "license": "MIT"
        },
        "node_modules/buffer-from": {
            "version": "1.1.2",
            "dev": true,
            "license": "MIT"
        },
        "node_modules/diff": {
            "version": "4.0.2",
            "dev": true,
            "license": "BSD-3-Clause",
            "engines": {
                "node": ">=0.3.1"
            }
        },
        "node_modules/graceful-fs": {
            "version": "4.2.9",
            "license": "ISC",
            "optional": true
        },
        "node_modules/jsonfile": {
            "version": "6.1.0",
            "license": "MIT",
            "dependencies": {
                "universalify": "^2.0.0"
            },
            "optionalDependencies": {
                "graceful-fs": "^4.1.6"
            }
        },
        "node_modules/make-error": {
            "version": "1.3.6",
            "dev": true,
            "license": "ISC"
        },
        "node_modules/source-map": {
            "version": "0.6.1",
            "dev": true,
            "license": "BSD-3-Clause",
            "engines": {
                "node": ">=0.10.0"
            }
        },
        "node_modules/source-map-support": {
            "version": "0.5.21",
            "dev": true,
            "license": "MIT",
            "dependencies": {
                "buffer-from": "^1.0.0",
                "source-map": "^0.6.0"
            }
        },
        "node_modules/ts-node": {
            "version": "8.10.2",
            "dev": true,
            "license": "MIT",
            "dependencies": {
                "arg": "^4.1.0",
                "diff": "^4.0.1",
                "make-error": "^1.1.1",
                "source-map-support": "^0.5.17",
                "yn": "3.1.1"
            },
            "bin": {
                "ts-node": "dist/bin.js",
                "ts-node-script": "dist/bin-script.js",
                "ts-node-transpile-only": "dist/bin-transpile.js",
                "ts-script": "dist/bin-script-deprecated.js"
            },
            "engines": {
                "node": ">=6.0.0"
            },
            "peerDependencies": {
                "typescript": ">=2.7"
            }
        },
        "node_modules/tslib": {
            "version": "1.14.1",
            "dev": true,
            "license": "0BSD"
        },
        "node_modules/typescript": {
            "version": "3.9.10",
            "dev": true,
            "license": "Apache-2.0",
            "bin": {
                "tsc": "bin/tsc",
                "tsserver": "bin/tsserver"
            },
            "engines": {
                "node": ">=4.2.0"
            }
        },
        "node_modules/universalify": {
            "version": "2.0.0",
            "license": "MIT",
            "engines": {
                "node": ">= 10.0.0"
            }
        },
        "node_modules/yn": {
            "version": "3.1.1",
            "dev": true,
            "license": "MIT",
            "engines": {
                "node": ">=6"
            }
        }
    },
    "dependencies": {
        "arg": {
            "version": "4.1.3",
            "dev": true
        },
        "buffer-from": {
            "version": "1.1.2",
            "dev": true
        },
        "diff": {
            "version": "4.0.2",
            "dev": true
        },
        "graceful-fs": {
            "version": "4.2.9",
            "optional": true
        },
        "jsonfile": {
            "version": "6.1.0",
            "requires": {
                "graceful-fs": "^4.1.6",
                "universalify": "^2.0.0"
            }
        },
        "make-error": {
            "version": "1.3.6",
            "dev": true
        },
        "source-map": {
            "version": "0.6.1",
            "dev": true
        },
        "source-map-support": {
            "version": "0.5.21",
            "dev": true,
            "requires": {
                "buffer-from": "^1.0.0",
                "source-map": "^0.6.0"
            }
        },
        "ts-node": {
            "version": "8.10.2",
            "dev": true,
            "requires": {
                "arg": "^4.1.0",
                "diff": "^4.0.1",
                "make-error": "^1.1.1",
                "source-map-support": "^0.5.17",
                "yn": "3.1.1"
            }
        },
        "tslib": {
            "version": "1.14.1",
            "dev": true
        },
        "typescript": {
            "version": "3.9.10",
            "dev": true
        },
        "universalify": {
            "version": "2.0.0"
        },
        "yn": {
            "version": "3.1.1",
            "dev": true
        }
    }
}
